// !$*UTF8*$!
{
	archiveVersion = 1;
	classes = {
	};
	objectVersion = 56;
	objects = {

/* Begin PBXBuildFile section */
		88009984293A2D9E007B85D0 /* TCABezierAnimationApp.swift in Sources */ = {isa = PBXBuildFile; fileRef = 88009983293A2D9E007B85D0 /* TCABezierAnimationApp.swift */; };
		88009988293A2D9F007B85D0 /* Assets.xcassets in Resources */ = {isa = PBXBuildFile; fileRef = 88009987293A2D9F007B85D0 /* Assets.xcassets */; };
		8800998B293A2D9F007B85D0 /* Preview Assets.xcassets in Resources */ = {isa = PBXBuildFile; fileRef = 8800998A293A2D9F007B85D0 /* Preview Assets.xcassets */; };
		880099B4293A2E17007B85D0 /* ComposableArchitecture in Frameworks */ = {isa = PBXBuildFile; productRef = 880099B3293A2E17007B85D0 /* ComposableArchitecture */; };
		880099BA293AC6D3007B85D0 /* ContainerView.swift in Sources */ = {isa = PBXBuildFile; fileRef = 880099B9293AC6D3007B85D0 /* ContainerView.swift */; };
		886764302943214200FC0167 /* tests.swift in Sources */ = {isa = PBXBuildFile; fileRef = 8867642F2943214200FC0167 /* tests.swift */; };
		886FB3AF2951724700712049 /* fastlane_snapshot.swift in Sources */ = {isa = PBXBuildFile; fileRef = 886FB3AE2951724700712049 /* fastlane_snapshot.swift */; };
		886FB3B92951738800712049 /* SnapshotHelper.swift in Sources */ = {isa = PBXBuildFile; fileRef = 886FB3B82951738800712049 /* SnapshotHelper.swift */; };
		886FB3BB29517E9900712049 /* Snapfile in Resources */ = {isa = PBXBuildFile; fileRef = 886FB3BA29517E9900712049 /* Snapfile */; };
		8882B1A1295019DF00136AD7 /* MultiLayerBezierCurveView.swift in Sources */ = {isa = PBXBuildFile; fileRef = 8882B1A0295019DF00136AD7 /* MultiLayerBezierCurveView.swift */; };
		88C04746294DCF260075DE44 /* SwiftUINavigation in Frameworks */ = {isa = PBXBuildFile; productRef = 88C04745294DCF260075DE44 /* SwiftUINavigation */; };
		88C0474F294DD48D0075DE44 /* ContainerLayoutView.swift in Sources */ = {isa = PBXBuildFile; fileRef = 88C0474E294DD48D0075DE44 /* ContainerLayoutView.swift */; };
		88C04751294DD58D0075DE44 /* ContainerReducer.swift in Sources */ = {isa = PBXBuildFile; fileRef = 88C04750294DD58D0075DE44 /* ContainerReducer.swift */; };
		88C04753294DDF860075DE44 /* PlottingView.swift in Sources */ = {isa = PBXBuildFile; fileRef = 88C04752294DDF860075DE44 /* PlottingView.swift */; };
		88C04755294DEE1E0075DE44 /* SettingView.swift in Sources */ = {isa = PBXBuildFile; fileRef = 88C04754294DEE1E0075DE44 /* SettingView.swift */; };
		88D577DF2952D4070030FCB4 /* screenshots in Resources */ = {isa = PBXBuildFile; fileRef = 88D577DE2952D4070030FCB4 /* screenshots */; };
		88D577E22952D79B0030FCB4 /* SnapShotJsonFileName.swift in Sources */ = {isa = PBXBuildFile; fileRef = 88D577E12952D79B0030FCB4 /* SnapShotJsonFileName.swift */; };
		88D577E8295321100030FCB4 /* DefaultControlPoints.json in Resources */ = {isa = PBXBuildFile; fileRef = 88D577E7295321100030FCB4 /* DefaultControlPoints.json */; };
		88D577EE295328450030FCB4 /* DefaultBezier1stDrawingOption.json in Resources */ = {isa = PBXBuildFile; fileRef = 88D577ED295328450030FCB4 /* DefaultBezier1stDrawingOption.json */; };
		88D577F0295329D80030FCB4 /* DefaultBezier2ndDrawingOption.json in Resources */ = {isa = PBXBuildFile; fileRef = 88D577EF295329D80030FCB4 /* DefaultBezier2ndDrawingOption.json */; };
		88D577F229532A280030FCB4 /* DefaultBezier3rdDrawingOption.json in Resources */ = {isa = PBXBuildFile; fileRef = 88D577F129532A280030FCB4 /* DefaultBezier3rdDrawingOption.json */; };
		88ED252A2960476C00DAE2AD /* MultiLayerBezierCurveReducer.swift in Sources */ = {isa = PBXBuildFile; fileRef = 88ED25292960476C00DAE2AD /* MultiLayerBezierCurveReducer.swift */; };
		88F2B534295F0ECD007DEC2A /* ShareLinkView.swift in Sources */ = {isa = PBXBuildFile; fileRef = 88F2B533295F0ECD007DEC2A /* ShareLinkView.swift */; };
		88F2B53A295FE7D4007DEC2A /* TestView.swift in Sources */ = {isa = PBXBuildFile; fileRef = 88F2B539295FE7D4007DEC2A /* TestView.swift */; };
		88F2B53B295FE814007DEC2A /* TestView.swift in Sources */ = {isa = PBXBuildFile; fileRef = 88F2B539295FE7D4007DEC2A /* TestView.swift */; };
		88F2B54129603495007DEC2A /* LuomeinSwiftBasicTools in Frameworks */ = {isa = PBXBuildFile; productRef = 88F2B54029603495007DEC2A /* LuomeinSwiftBasicTools */; };
		88F2B54429603FFF007DEC2A /* BezierTimeSeriesReducer in Frameworks */ = {isa = PBXBuildFile; productRef = 88F2B54329603FFF007DEC2A /* BezierTimeSeriesReducer */; };
		88F2B54729604294007DEC2A /* VariableSpeedTimer in Frameworks */ = {isa = PBXBuildFile; productRef = 88F2B54629604294007DEC2A /* VariableSpeedTimer */; };
		88F2B54A296042B6007DEC2A /* MultipleTimeSeriesReducer in Frameworks */ = {isa = PBXBuildFile; productRef = 88F2B549296042B6007DEC2A /* MultipleTimeSeriesReducer */; };
/* End PBXBuildFile section */

/* Begin PBXContainerItemProxy section */
		886764312943214200FC0167 /* PBXContainerItemProxy */ = {
			isa = PBXContainerItemProxy;
			containerPortal = 88009978293A2D9E007B85D0 /* Project object */;
			proxyType = 1;
			remoteGlobalIDString = 8800997F293A2D9E007B85D0;
			remoteInfo = "tca-bezier-animation";
		};
		886FB3B22951724700712049 /* PBXContainerItemProxy */ = {
			isa = PBXContainerItemProxy;
			containerPortal = 88009978293A2D9E007B85D0 /* Project object */;
			proxyType = 1;
			remoteGlobalIDString = 8800997F293A2D9E007B85D0;
			remoteInfo = "tca-bezier-animation";
		};
/* End PBXContainerItemProxy section */

/* Begin PBXFileReference section */
		88009980293A2D9E007B85D0 /* tca-bezier-animation.app */ = {isa = PBXFileReference; explicitFileType = wrapper.application; includeInIndex = 0; path = "tca-bezier-animation.app"; sourceTree = BUILT_PRODUCTS_DIR; };
		88009983293A2D9E007B85D0 /* TCABezierAnimationApp.swift */ = {isa = PBXFileReference; lastKnownFileType = sourcecode.swift; path = TCABezierAnimationApp.swift; sourceTree = "<group>"; };
		88009987293A2D9F007B85D0 /* Assets.xcassets */ = {isa = PBXFileReference; lastKnownFileType = folder.assetcatalog; path = Assets.xcassets; sourceTree = "<group>"; };
		8800998A293A2D9F007B85D0 /* Preview Assets.xcassets */ = {isa = PBXFileReference; lastKnownFileType = folder.assetcatalog; path = "Preview Assets.xcassets"; sourceTree = "<group>"; };
		880099B9293AC6D3007B85D0 /* ContainerView.swift */ = {isa = PBXFileReference; lastKnownFileType = sourcecode.swift; path = ContainerView.swift; sourceTree = "<group>"; };
		8867642D2943214200FC0167 /* tests.xctest */ = {isa = PBXFileReference; explicitFileType = wrapper.cfbundle; includeInIndex = 0; path = tests.xctest; sourceTree = BUILT_PRODUCTS_DIR; };
		8867642F2943214200FC0167 /* tests.swift */ = {isa = PBXFileReference; lastKnownFileType = sourcecode.swift; path = tests.swift; sourceTree = "<group>"; };
		886FB3AC2951724700712049 /* fastlane-snapshot.xctest */ = {isa = PBXFileReference; explicitFileType = wrapper.cfbundle; includeInIndex = 0; path = "fastlane-snapshot.xctest"; sourceTree = BUILT_PRODUCTS_DIR; };
		886FB3AE2951724700712049 /* fastlane_snapshot.swift */ = {isa = PBXFileReference; lastKnownFileType = sourcecode.swift; path = fastlane_snapshot.swift; sourceTree = "<group>"; };
		886FB3B82951738800712049 /* SnapshotHelper.swift */ = {isa = PBXFileReference; fileEncoding = 4; lastKnownFileType = sourcecode.swift; path = SnapshotHelper.swift; sourceTree = "<group>"; };
		886FB3BA29517E9900712049 /* Snapfile */ = {isa = PBXFileReference; fileEncoding = 4; lastKnownFileType = text; path = Snapfile; sourceTree = "<group>"; };
		8882B1A0295019DF00136AD7 /* MultiLayerBezierCurveView.swift */ = {isa = PBXFileReference; lastKnownFileType = sourcecode.swift; path = MultiLayerBezierCurveView.swift; sourceTree = "<group>"; };
		88C0474E294DD48D0075DE44 /* ContainerLayoutView.swift */ = {isa = PBXFileReference; lastKnownFileType = sourcecode.swift; path = ContainerLayoutView.swift; sourceTree = "<group>"; };
		88C04750294DD58D0075DE44 /* ContainerReducer.swift */ = {isa = PBXFileReference; lastKnownFileType = sourcecode.swift; path = ContainerReducer.swift; sourceTree = "<group>"; };
		88C04752294DDF860075DE44 /* PlottingView.swift */ = {isa = PBXFileReference; lastKnownFileType = sourcecode.swift; path = PlottingView.swift; sourceTree = "<group>"; };
		88C04754294DEE1E0075DE44 /* SettingView.swift */ = {isa = PBXFileReference; lastKnownFileType = sourcecode.swift; path = SettingView.swift; sourceTree = "<group>"; };
		88D577DE2952D4070030FCB4 /* screenshots */ = {isa = PBXFileReference; lastKnownFileType = folder; path = screenshots; sourceTree = "<group>"; };
		88D577E12952D79B0030FCB4 /* SnapShotJsonFileName.swift */ = {isa = PBXFileReference; lastKnownFileType = sourcecode.swift; path = SnapShotJsonFileName.swift; sourceTree = "<group>"; };
		88D577E7295321100030FCB4 /* DefaultControlPoints.json */ = {isa = PBXFileReference; lastKnownFileType = text.json; path = DefaultControlPoints.json; sourceTree = "<group>"; };
		88D577ED295328450030FCB4 /* DefaultBezier1stDrawingOption.json */ = {isa = PBXFileReference; lastKnownFileType = text.json; path = DefaultBezier1stDrawingOption.json; sourceTree = "<group>"; };
		88D577EF295329D80030FCB4 /* DefaultBezier2ndDrawingOption.json */ = {isa = PBXFileReference; lastKnownFileType = text.json; path = DefaultBezier2ndDrawingOption.json; sourceTree = "<group>"; };
		88D577F129532A280030FCB4 /* DefaultBezier3rdDrawingOption.json */ = {isa = PBXFileReference; lastKnownFileType = text.json; path = DefaultBezier3rdDrawingOption.json; sourceTree = "<group>"; };
		88ED25292960476C00DAE2AD /* MultiLayerBezierCurveReducer.swift */ = {isa = PBXFileReference; lastKnownFileType = sourcecode.swift; path = MultiLayerBezierCurveReducer.swift; sourceTree = "<group>"; };
		88F2B533295F0ECD007DEC2A /* ShareLinkView.swift */ = {isa = PBXFileReference; lastKnownFileType = sourcecode.swift; path = ShareLinkView.swift; sourceTree = "<group>"; };
		88F2B539295FE7D4007DEC2A /* TestView.swift */ = {isa = PBXFileReference; lastKnownFileType = sourcecode.swift; path = TestView.swift; sourceTree = "<group>"; };
/* End PBXFileReference section */

/* Begin PBXFrameworksBuildPhase section */
		8800997D293A2D9E007B85D0 /* Frameworks */ = {
			isa = PBXFrameworksBuildPhase;
			buildActionMask = 2147483647;
			files = (
				88F2B54429603FFF007DEC2A /* BezierTimeSeriesReducer in Frameworks */,
				88C04746294DCF260075DE44 /* SwiftUINavigation in Frameworks */,
				88F2B54129603495007DEC2A /* LuomeinSwiftBasicTools in Frameworks */,
				880099B4293A2E17007B85D0 /* ComposableArchitecture in Frameworks */,
				88F2B54729604294007DEC2A /* VariableSpeedTimer in Frameworks */,
				88F2B54A296042B6007DEC2A /* MultipleTimeSeriesReducer in Frameworks */,
			);
			runOnlyForDeploymentPostprocessing = 0;
		};
		8867642A2943214200FC0167 /* Frameworks */ = {
			isa = PBXFrameworksBuildPhase;
			buildActionMask = 2147483647;
			files = (
			);
			runOnlyForDeploymentPostprocessing = 0;
		};
		886FB3A92951724700712049 /* Frameworks */ = {
			isa = PBXFrameworksBuildPhase;
			buildActionMask = 2147483647;
			files = (
			);
			runOnlyForDeploymentPostprocessing = 0;
		};
/* End PBXFrameworksBuildPhase section */

/* Begin PBXGroup section */
		88009977293A2D9E007B85D0 = {
			isa = PBXGroup;
			children = (
				88D577DE2952D4070030FCB4 /* screenshots */,
				886FB3BA29517E9900712049 /* Snapfile */,
				88009982293A2D9E007B85D0 /* tca-bezier-animation */,
				8867642E2943214200FC0167 /* tests */,
				886FB3AD2951724700712049 /* fastlane-snapshot */,
				88009981293A2D9E007B85D0 /* Products */,
			);
			sourceTree = "<group>";
		};
		88009981293A2D9E007B85D0 /* Products */ = {
			isa = PBXGroup;
			children = (
				88009980293A2D9E007B85D0 /* tca-bezier-animation.app */,
				8867642D2943214200FC0167 /* tests.xctest */,
				886FB3AC2951724700712049 /* fastlane-snapshot.xctest */,
			);
			name = Products;
			sourceTree = "<group>";
		};
		88009982293A2D9E007B85D0 /* tca-bezier-animation */ = {
			isa = PBXGroup;
			children = (
				88D577E02952D7780030FCB4 /* codable */,
				885C4016294EA4EC00DE7143 /* tca-bezier-time-series-points */,
				880099BB293AC725007B85D0 /* tca-container */,
				88009983293A2D9E007B85D0 /* TCABezierAnimationApp.swift */,
				88009987293A2D9F007B85D0 /* Assets.xcassets */,
				88009989293A2D9F007B85D0 /* Preview Content */,
			);
			path = "tca-bezier-animation";
			sourceTree = "<group>";
		};
		88009989293A2D9F007B85D0 /* Preview Content */ = {
			isa = PBXGroup;
			children = (
				8800998A293A2D9F007B85D0 /* Preview Assets.xcassets */,
			);
			path = "Preview Content";
			sourceTree = "<group>";
		};
		880099BB293AC725007B85D0 /* tca-container */ = {
			isa = PBXGroup;
			children = (
				880099B9293AC6D3007B85D0 /* ContainerView.swift */,
				88C0474E294DD48D0075DE44 /* ContainerLayoutView.swift */,
				88C04754294DEE1E0075DE44 /* SettingView.swift */,
				88C04752294DDF860075DE44 /* PlottingView.swift */,
				88C04750294DD58D0075DE44 /* ContainerReducer.swift */,
				88F2B533295F0ECD007DEC2A /* ShareLinkView.swift */,
			);
			path = "tca-container";
			sourceTree = "<group>";
		};
		885C4016294EA4EC00DE7143 /* tca-bezier-time-series-points */ = {
			isa = PBXGroup;
			children = (
				8882B1A0295019DF00136AD7 /* MultiLayerBezierCurveView.swift */,
				88ED25292960476C00DAE2AD /* MultiLayerBezierCurveReducer.swift */,
			);
			path = "tca-bezier-time-series-points";
			sourceTree = "<group>";
		};
		8867642E2943214200FC0167 /* tests */ = {
			isa = PBXGroup;
			children = (
				8867642F2943214200FC0167 /* tests.swift */,
				88F2B539295FE7D4007DEC2A /* TestView.swift */,
			);
			path = tests;
			sourceTree = "<group>";
		};
		886FB3AD2951724700712049 /* fastlane-snapshot */ = {
			isa = PBXGroup;
			children = (
				886FB3B82951738800712049 /* SnapshotHelper.swift */,
				886FB3AE2951724700712049 /* fastlane_snapshot.swift */,
			);
			path = "fastlane-snapshot";
			sourceTree = "<group>";
		};
		88D577E02952D7780030FCB4 /* codable */ = {
			isa = PBXGroup;
			children = (
				88D577E12952D79B0030FCB4 /* SnapShotJsonFileName.swift */,
				88D577E7295321100030FCB4 /* DefaultControlPoints.json */,
				88D577ED295328450030FCB4 /* DefaultBezier1stDrawingOption.json */,
				88D577EF295329D80030FCB4 /* DefaultBezier2ndDrawingOption.json */,
				88D577F129532A280030FCB4 /* DefaultBezier3rdDrawingOption.json */,
			);
			path = codable;
			sourceTree = "<group>";
		};
/* End PBXGroup section */

/* Begin PBXNativeTarget section */
		8800997F293A2D9E007B85D0 /* tca-bezier-animation */ = {
			isa = PBXNativeTarget;
			buildConfigurationList = 880099A9293A2D9F007B85D0 /* Build configuration list for PBXNativeTarget "tca-bezier-animation" */;
			buildPhases = (
				8800997C293A2D9E007B85D0 /* Sources */,
				8800997D293A2D9E007B85D0 /* Frameworks */,
				8800997E293A2D9E007B85D0 /* Resources */,
			);
			buildRules = (
			);
			dependencies = (
			);
			name = "tca-bezier-animation";
			packageProductDependencies = (
				880099B3293A2E17007B85D0 /* ComposableArchitecture */,
				88C04745294DCF260075DE44 /* SwiftUINavigation */,
				88F2B54029603495007DEC2A /* LuomeinSwiftBasicTools */,
				88F2B54329603FFF007DEC2A /* BezierTimeSeriesReducer */,
				88F2B54629604294007DEC2A /* VariableSpeedTimer */,
				88F2B549296042B6007DEC2A /* MultipleTimeSeriesReducer */,
			);
			productName = labPlayground;
			productReference = 88009980293A2D9E007B85D0 /* tca-bezier-animation.app */;
			productType = "com.apple.product-type.application";
		};
		8867642C2943214200FC0167 /* tests */ = {
			isa = PBXNativeTarget;
			buildConfigurationList = 886764332943214200FC0167 /* Build configuration list for PBXNativeTarget "tests" */;
			buildPhases = (
				886764292943214200FC0167 /* Sources */,
				8867642A2943214200FC0167 /* Frameworks */,
				8867642B2943214200FC0167 /* Resources */,
			);
			buildRules = (
			);
			dependencies = (
				886764322943214200FC0167 /* PBXTargetDependency */,
			);
			name = tests;
			productName = tests;
			productReference = 8867642D2943214200FC0167 /* tests.xctest */;
			productType = "com.apple.product-type.bundle.unit-test";
		};
		886FB3AB2951724700712049 /* fastlane-snapshot */ = {
			isa = PBXNativeTarget;
			buildConfigurationList = 886FB3B72951724700712049 /* Build configuration list for PBXNativeTarget "fastlane-snapshot" */;
			buildPhases = (
				886FB3A82951724700712049 /* Sources */,
				886FB3A92951724700712049 /* Frameworks */,
				886FB3AA2951724700712049 /* Resources */,
			);
			buildRules = (
			);
			dependencies = (
				886FB3B32951724700712049 /* PBXTargetDependency */,
			);
			name = "fastlane-snapshot";
			productName = "fastlane-snapshot";
			productReference = 886FB3AC2951724700712049 /* fastlane-snapshot.xctest */;
			productType = "com.apple.product-type.bundle.ui-testing";
		};
/* End PBXNativeTarget section */

/* Begin PBXProject section */
		88009978293A2D9E007B85D0 /* Project object */ = {
			isa = PBXProject;
			attributes = {
				BuildIndependentTargetsInParallel = 1;
				LastSwiftUpdateCheck = 1400;
				LastUpgradeCheck = 1400;
				TargetAttributes = {
					8800997F293A2D9E007B85D0 = {
						CreatedOnToolsVersion = 14.0.1;
					};
					8867642C2943214200FC0167 = {
						CreatedOnToolsVersion = 14.0.1;
						TestTargetID = 8800997F293A2D9E007B85D0;
					};
					886FB3AB2951724700712049 = {
						CreatedOnToolsVersion = 14.0.1;
						TestTargetID = 8800997F293A2D9E007B85D0;
					};
				};
			};
			buildConfigurationList = 8800997B293A2D9E007B85D0 /* Build configuration list for PBXProject "tca-bezier-animation" */;
			compatibilityVersion = "Xcode 14.0";
			developmentRegion = en;
			hasScannedForEncodings = 0;
			knownRegions = (
				en,
				Base,
			);
			mainGroup = 88009977293A2D9E007B85D0;
			packageReferences = (
				880099B2293A2E17007B85D0 /* XCRemoteSwiftPackageReference "swift-composable-architecture" */,
				88C04744294DCF260075DE44 /* XCRemoteSwiftPackageReference "swiftui-navigation" */,
				88F2B53F29603495007DEC2A /* XCRemoteSwiftPackageReference "luomein-swift-basic-tools" */,
				88F2B54229603FFF007DEC2A /* XCRemoteSwiftPackageReference "bezier-time-series-reducer" */,
				88F2B54529604294007DEC2A /* XCRemoteSwiftPackageReference "variable-speed-timer" */,
				88F2B548296042B6007DEC2A /* XCRemoteSwiftPackageReference "multiple-time-series-reducer" */,
			);
			productRefGroup = 88009981293A2D9E007B85D0 /* Products */;
			projectDirPath = "";
			projectRoot = "";
			targets = (
				8800997F293A2D9E007B85D0 /* tca-bezier-animation */,
				8867642C2943214200FC0167 /* tests */,
				886FB3AB2951724700712049 /* fastlane-snapshot */,
			);
		};
/* End PBXProject section */

/* Begin PBXResourcesBuildPhase section */
		8800997E293A2D9E007B85D0 /* Resources */ = {
			isa = PBXResourcesBuildPhase;
			buildActionMask = 2147483647;
			files = (
				8800998B293A2D9F007B85D0 /* Preview Assets.xcassets in Resources */,
				88D577EE295328450030FCB4 /* DefaultBezier1stDrawingOption.json in Resources */,
				88D577F229532A280030FCB4 /* DefaultBezier3rdDrawingOption.json in Resources */,
				88D577F0295329D80030FCB4 /* DefaultBezier2ndDrawingOption.json in Resources */,
				88D577E8295321100030FCB4 /* DefaultControlPoints.json in Resources */,
				88009988293A2D9F007B85D0 /* Assets.xcassets in Resources */,
			);
			runOnlyForDeploymentPostprocessing = 0;
		};
		8867642B2943214200FC0167 /* Resources */ = {
			isa = PBXResourcesBuildPhase;
			buildActionMask = 2147483647;
			files = (
			);
			runOnlyForDeploymentPostprocessing = 0;
		};
		886FB3AA2951724700712049 /* Resources */ = {
			isa = PBXResourcesBuildPhase;
			buildActionMask = 2147483647;
			files = (
				886FB3BB29517E9900712049 /* Snapfile in Resources */,
				88D577DF2952D4070030FCB4 /* screenshots in Resources */,
			);
			runOnlyForDeploymentPostprocessing = 0;
		};
/* End PBXResourcesBuildPhase section */

/* Begin PBXSourcesBuildPhase section */
		8800997C293A2D9E007B85D0 /* Sources */ = {
			isa = PBXSourcesBuildPhase;
			buildActionMask = 2147483647;
			files = (
				88F2B534295F0ECD007DEC2A /* ShareLinkView.swift in Sources */,
				88D577E22952D79B0030FCB4 /* SnapShotJsonFileName.swift in Sources */,
				8882B1A1295019DF00136AD7 /* MultiLayerBezierCurveView.swift in Sources */,
				88C0474F294DD48D0075DE44 /* ContainerLayoutView.swift in Sources */,
				88C04753294DDF860075DE44 /* PlottingView.swift in Sources */,
				880099BA293AC6D3007B85D0 /* ContainerView.swift in Sources */,
				88C04751294DD58D0075DE44 /* ContainerReducer.swift in Sources */,
				88C04755294DEE1E0075DE44 /* SettingView.swift in Sources */,
				88ED252A2960476C00DAE2AD /* MultiLayerBezierCurveReducer.swift in Sources */,
				88F2B53B295FE814007DEC2A /* TestView.swift in Sources */,
				88009984293A2D9E007B85D0 /* TCABezierAnimationApp.swift in Sources */,
			);
			runOnlyForDeploymentPostprocessing = 0;
		};
		886764292943214200FC0167 /* Sources */ = {
			isa = PBXSourcesBuildPhase;
			buildActionMask = 2147483647;
			files = (
				88F2B53A295FE7D4007DEC2A /* TestView.swift in Sources */,
				886764302943214200FC0167 /* tests.swift in Sources */,
			);
			runOnlyForDeploymentPostprocessing = 0;
		};
		886FB3A82951724700712049 /* Sources */ = {
			isa = PBXSourcesBuildPhase;
			buildActionMask = 2147483647;
			files = (
				886FB3AF2951724700712049 /* fastlane_snapshot.swift in Sources */,
				886FB3B92951738800712049 /* SnapshotHelper.swift in Sources */,
			);
			runOnlyForDeploymentPostprocessing = 0;
		};
/* End PBXSourcesBuildPhase section */

/* Begin PBXTargetDependency section */
		886764322943214200FC0167 /* PBXTargetDependency */ = {
			isa = PBXTargetDependency;
			target = 8800997F293A2D9E007B85D0 /* tca-bezier-animation */;
			targetProxy = 886764312943214200FC0167 /* PBXContainerItemProxy */;
		};
		886FB3B32951724700712049 /* PBXTargetDependency */ = {
			isa = PBXTargetDependency;
			target = 8800997F293A2D9E007B85D0 /* tca-bezier-animation */;
			targetProxy = 886FB3B22951724700712049 /* PBXContainerItemProxy */;
		};
/* End PBXTargetDependency section */

/* Begin XCBuildConfiguration section */
		880099A7293A2D9F007B85D0 /* Debug */ = {
			isa = XCBuildConfiguration;
			buildSettings = {
				ALWAYS_SEARCH_USER_PATHS = NO;
				CLANG_ANALYZER_NONNULL = YES;
				CLANG_ANALYZER_NUMBER_OBJECT_CONVERSION = YES_AGGRESSIVE;
				CLANG_CXX_LANGUAGE_STANDARD = "gnu++20";
				CLANG_ENABLE_MODULES = YES;
				CLANG_ENABLE_OBJC_ARC = YES;
				CLANG_ENABLE_OBJC_WEAK = YES;
				CLANG_WARN_BLOCK_CAPTURE_AUTORELEASING = YES;
				CLANG_WARN_BOOL_CONVERSION = YES;
				CLANG_WARN_COMMA = YES;
				CLANG_WARN_CONSTANT_CONVERSION = YES;
				CLANG_WARN_DEPRECATED_OBJC_IMPLEMENTATIONS = YES;
				CLANG_WARN_DIRECT_OBJC_ISA_USAGE = YES_ERROR;
				CLANG_WARN_DOCUMENTATION_COMMENTS = YES;
				CLANG_WARN_EMPTY_BODY = YES;
				CLANG_WARN_ENUM_CONVERSION = YES;
				CLANG_WARN_INFINITE_RECURSION = YES;
				CLANG_WARN_INT_CONVERSION = YES;
				CLANG_WARN_NON_LITERAL_NULL_CONVERSION = YES;
				CLANG_WARN_OBJC_IMPLICIT_RETAIN_SELF = YES;
				CLANG_WARN_OBJC_LITERAL_CONVERSION = YES;
				CLANG_WARN_OBJC_ROOT_CLASS = YES_ERROR;
				CLANG_WARN_QUOTED_INCLUDE_IN_FRAMEWORK_HEADER = YES;
				CLANG_WARN_RANGE_LOOP_ANALYSIS = YES;
				CLANG_WARN_STRICT_PROTOTYPES = YES;
				CLANG_WARN_SUSPICIOUS_MOVE = YES;
				CLANG_WARN_UNGUARDED_AVAILABILITY = YES_AGGRESSIVE;
				CLANG_WARN_UNREACHABLE_CODE = YES;
				CLANG_WARN__DUPLICATE_METHOD_MATCH = YES;
				COPY_PHASE_STRIP = NO;
				DEBUG_INFORMATION_FORMAT = dwarf;
				ENABLE_STRICT_OBJC_MSGSEND = YES;
				ENABLE_TESTABILITY = YES;
				GCC_C_LANGUAGE_STANDARD = gnu11;
				GCC_DYNAMIC_NO_PIC = NO;
				GCC_NO_COMMON_BLOCKS = YES;
				GCC_OPTIMIZATION_LEVEL = 0;
				GCC_PREPROCESSOR_DEFINITIONS = (
					"DEBUG=1",
					"$(inherited)",
				);
				GCC_WARN_64_TO_32_BIT_CONVERSION = YES;
				GCC_WARN_ABOUT_RETURN_TYPE = YES_ERROR;
				GCC_WARN_UNDECLARED_SELECTOR = YES;
				GCC_WARN_UNINITIALIZED_AUTOS = YES_AGGRESSIVE;
				GCC_WARN_UNUSED_FUNCTION = YES;
				GCC_WARN_UNUSED_VARIABLE = YES;
				IPHONEOS_DEPLOYMENT_TARGET = 16.0;
				MTL_ENABLE_DEBUG_INFO = INCLUDE_SOURCE;
				MTL_FAST_MATH = YES;
				ONLY_ACTIVE_ARCH = YES;
				SDKROOT = iphoneos;
				SWIFT_ACTIVE_COMPILATION_CONDITIONS = DEBUG;
				SWIFT_OPTIMIZATION_LEVEL = "-Onone";
			};
			name = Debug;
		};
		880099A8293A2D9F007B85D0 /* Release */ = {
			isa = XCBuildConfiguration;
			buildSettings = {
				ALWAYS_SEARCH_USER_PATHS = NO;
				CLANG_ANALYZER_NONNULL = YES;
				CLANG_ANALYZER_NUMBER_OBJECT_CONVERSION = YES_AGGRESSIVE;
				CLANG_CXX_LANGUAGE_STANDARD = "gnu++20";
				CLANG_ENABLE_MODULES = YES;
				CLANG_ENABLE_OBJC_ARC = YES;
				CLANG_ENABLE_OBJC_WEAK = YES;
				CLANG_WARN_BLOCK_CAPTURE_AUTORELEASING = YES;
				CLANG_WARN_BOOL_CONVERSION = YES;
				CLANG_WARN_COMMA = YES;
				CLANG_WARN_CONSTANT_CONVERSION = YES;
				CLANG_WARN_DEPRECATED_OBJC_IMPLEMENTATIONS = YES;
				CLANG_WARN_DIRECT_OBJC_ISA_USAGE = YES_ERROR;
				CLANG_WARN_DOCUMENTATION_COMMENTS = YES;
				CLANG_WARN_EMPTY_BODY = YES;
				CLANG_WARN_ENUM_CONVERSION = YES;
				CLANG_WARN_INFINITE_RECURSION = YES;
				CLANG_WARN_INT_CONVERSION = YES;
				CLANG_WARN_NON_LITERAL_NULL_CONVERSION = YES;
				CLANG_WARN_OBJC_IMPLICIT_RETAIN_SELF = YES;
				CLANG_WARN_OBJC_LITERAL_CONVERSION = YES;
				CLANG_WARN_OBJC_ROOT_CLASS = YES_ERROR;
				CLANG_WARN_QUOTED_INCLUDE_IN_FRAMEWORK_HEADER = YES;
				CLANG_WARN_RANGE_LOOP_ANALYSIS = YES;
				CLANG_WARN_STRICT_PROTOTYPES = YES;
				CLANG_WARN_SUSPICIOUS_MOVE = YES;
				CLANG_WARN_UNGUARDED_AVAILABILITY = YES_AGGRESSIVE;
				CLANG_WARN_UNREACHABLE_CODE = YES;
				CLANG_WARN__DUPLICATE_METHOD_MATCH = YES;
				COPY_PHASE_STRIP = NO;
				DEBUG_INFORMATION_FORMAT = "dwarf-with-dsym";
				ENABLE_NS_ASSERTIONS = NO;
				ENABLE_STRICT_OBJC_MSGSEND = YES;
				GCC_C_LANGUAGE_STANDARD = gnu11;
				GCC_NO_COMMON_BLOCKS = YES;
				GCC_WARN_64_TO_32_BIT_CONVERSION = YES;
				GCC_WARN_ABOUT_RETURN_TYPE = YES_ERROR;
				GCC_WARN_UNDECLARED_SELECTOR = YES;
				GCC_WARN_UNINITIALIZED_AUTOS = YES_AGGRESSIVE;
				GCC_WARN_UNUSED_FUNCTION = YES;
				GCC_WARN_UNUSED_VARIABLE = YES;
				IPHONEOS_DEPLOYMENT_TARGET = 16.0;
				MTL_ENABLE_DEBUG_INFO = NO;
				MTL_FAST_MATH = YES;
				SDKROOT = iphoneos;
				SWIFT_COMPILATION_MODE = wholemodule;
				SWIFT_OPTIMIZATION_LEVEL = "-O";
				VALIDATE_PRODUCT = YES;
			};
			name = Release;
		};
		880099AA293A2D9F007B85D0 /* Debug */ = {
			isa = XCBuildConfiguration;
			buildSettings = {
				ASSETCATALOG_COMPILER_APPICON_NAME = AppIcon;
				ASSETCATALOG_COMPILER_GLOBAL_ACCENT_COLOR_NAME = AccentColor;
				CODE_SIGN_STYLE = Automatic;
				CURRENT_PROJECT_VERSION = 1;
				DEVELOPMENT_ASSET_PATHS = "\"tca-bezier-animation/Preview Content\"";
				DEVELOPMENT_TEAM = 6M94U34S75;
				ENABLE_PREVIEWS = YES;
				GENERATE_INFOPLIST_FILE = YES;
				INFOPLIST_KEY_CFBundleDisplayName = AniBez;
				INFOPLIST_KEY_LSApplicationCategoryType = "public.app-category.education";
				INFOPLIST_KEY_UIApplicationSceneManifest_Generation = YES;
				INFOPLIST_KEY_UIApplicationSupportsIndirectInputEvents = YES;
				INFOPLIST_KEY_UILaunchScreen_Generation = YES;
				INFOPLIST_KEY_UISupportedInterfaceOrientations_iPad = "UIInterfaceOrientationPortrait UIInterfaceOrientationPortraitUpsideDown UIInterfaceOrientationLandscapeLeft UIInterfaceOrientationLandscapeRight";
				INFOPLIST_KEY_UISupportedInterfaceOrientations_iPhone = "UIInterfaceOrientationPortrait UIInterfaceOrientationLandscapeLeft UIInterfaceOrientationLandscapeRight";
				LD_RUNPATH_SEARCH_PATHS = (
					"$(inherited)",
					"@executable_path/Frameworks",
				);
				MARKETING_VERSION = 1.1.1;
				PRODUCT_BUNDLE_IDENTIFIER = "luo.2022.12.tca-bezier-animation";
				PRODUCT_NAME = "$(TARGET_NAME)";
				SWIFT_EMIT_LOC_STRINGS = YES;
				SWIFT_VERSION = 5.0;
				TARGETED_DEVICE_FAMILY = "1,2";
			};
			name = Debug;
		};
		880099AB293A2D9F007B85D0 /* Release */ = {
			isa = XCBuildConfiguration;
			buildSettings = {
				ASSETCATALOG_COMPILER_APPICON_NAME = AppIcon;
				ASSETCATALOG_COMPILER_GLOBAL_ACCENT_COLOR_NAME = AccentColor;
				CODE_SIGN_STYLE = Automatic;
				CURRENT_PROJECT_VERSION = 1;
				DEVELOPMENT_ASSET_PATHS = "\"tca-bezier-animation/Preview Content\"";
				DEVELOPMENT_TEAM = 6M94U34S75;
				ENABLE_PREVIEWS = YES;
				GENERATE_INFOPLIST_FILE = YES;
				INFOPLIST_KEY_CFBundleDisplayName = AniBez;
				INFOPLIST_KEY_LSApplicationCategoryType = "public.app-category.education";
				INFOPLIST_KEY_UIApplicationSceneManifest_Generation = YES;
				INFOPLIST_KEY_UIApplicationSupportsIndirectInputEvents = YES;
				INFOPLIST_KEY_UILaunchScreen_Generation = YES;
				INFOPLIST_KEY_UISupportedInterfaceOrientations_iPad = "UIInterfaceOrientationPortrait UIInterfaceOrientationPortraitUpsideDown UIInterfaceOrientationLandscapeLeft UIInterfaceOrientationLandscapeRight";
				INFOPLIST_KEY_UISupportedInterfaceOrientations_iPhone = "UIInterfaceOrientationPortrait UIInterfaceOrientationLandscapeLeft UIInterfaceOrientationLandscapeRight";
				LD_RUNPATH_SEARCH_PATHS = (
					"$(inherited)",
					"@executable_path/Frameworks",
				);
				MARKETING_VERSION = 1.1.1;
				PRODUCT_BUNDLE_IDENTIFIER = "luo.2022.12.tca-bezier-animation";
				PRODUCT_NAME = "$(TARGET_NAME)";
				SWIFT_EMIT_LOC_STRINGS = YES;
				SWIFT_VERSION = 5.0;
				TARGETED_DEVICE_FAMILY = "1,2";
			};
			name = Release;
		};
		886764342943214200FC0167 /* Debug */ = {
			isa = XCBuildConfiguration;
			buildSettings = {
				BUNDLE_LOADER = "$(TEST_HOST)";
				CODE_SIGN_STYLE = Automatic;
				CURRENT_PROJECT_VERSION = 1;
				DEVELOPMENT_TEAM = 6M94U34S75;
				GENERATE_INFOPLIST_FILE = YES;
				MARKETING_VERSION = 1.0;
				PRODUCT_BUNDLE_IDENTIFIER = luo.2022.12.labAnimation.tests;
				PRODUCT_NAME = "$(TARGET_NAME)";
				SWIFT_EMIT_LOC_STRINGS = NO;
				SWIFT_VERSION = 5.0;
				TARGETED_DEVICE_FAMILY = "1,2";
				TEST_HOST = "$(BUILT_PRODUCTS_DIR)/tca-bezier-animation.app/$(BUNDLE_EXECUTABLE_FOLDER_PATH)/tca-bezier-animation";
			};
			name = Debug;
		};
		886764352943214200FC0167 /* Release */ = {
			isa = XCBuildConfiguration;
			buildSettings = {
				BUNDLE_LOADER = "$(TEST_HOST)";
				CODE_SIGN_STYLE = Automatic;
				CURRENT_PROJECT_VERSION = 1;
				DEVELOPMENT_TEAM = 6M94U34S75;
				GENERATE_INFOPLIST_FILE = YES;
				MARKETING_VERSION = 1.0;
				PRODUCT_BUNDLE_IDENTIFIER = luo.2022.12.labAnimation.tests;
				PRODUCT_NAME = "$(TARGET_NAME)";
				SWIFT_EMIT_LOC_STRINGS = NO;
				SWIFT_VERSION = 5.0;
				TARGETED_DEVICE_FAMILY = "1,2";
				TEST_HOST = "$(BUILT_PRODUCTS_DIR)/tca-bezier-animation.app/$(BUNDLE_EXECUTABLE_FOLDER_PATH)/tca-bezier-animation";
			};
			name = Release;
		};
		886FB3A52950A17E00712049 /* Lab */ = {
			isa = XCBuildConfiguration;
			buildSettings = {
				ALWAYS_SEARCH_USER_PATHS = NO;
				CLANG_ANALYZER_NONNULL = YES;
				CLANG_ANALYZER_NUMBER_OBJECT_CONVERSION = YES_AGGRESSIVE;
				CLANG_CXX_LANGUAGE_STANDARD = "gnu++20";
				CLANG_ENABLE_MODULES = YES;
				CLANG_ENABLE_OBJC_ARC = YES;
				CLANG_ENABLE_OBJC_WEAK = YES;
				CLANG_WARN_BLOCK_CAPTURE_AUTORELEASING = YES;
				CLANG_WARN_BOOL_CONVERSION = YES;
				CLANG_WARN_COMMA = YES;
				CLANG_WARN_CONSTANT_CONVERSION = YES;
				CLANG_WARN_DEPRECATED_OBJC_IMPLEMENTATIONS = YES;
				CLANG_WARN_DIRECT_OBJC_ISA_USAGE = YES_ERROR;
				CLANG_WARN_DOCUMENTATION_COMMENTS = YES;
				CLANG_WARN_EMPTY_BODY = YES;
				CLANG_WARN_ENUM_CONVERSION = YES;
				CLANG_WARN_INFINITE_RECURSION = YES;
				CLANG_WARN_INT_CONVERSION = YES;
				CLANG_WARN_NON_LITERAL_NULL_CONVERSION = YES;
				CLANG_WARN_OBJC_IMPLICIT_RETAIN_SELF = YES;
				CLANG_WARN_OBJC_LITERAL_CONVERSION = YES;
				CLANG_WARN_OBJC_ROOT_CLASS = YES_ERROR;
				CLANG_WARN_QUOTED_INCLUDE_IN_FRAMEWORK_HEADER = YES;
				CLANG_WARN_RANGE_LOOP_ANALYSIS = YES;
				CLANG_WARN_STRICT_PROTOTYPES = YES;
				CLANG_WARN_SUSPICIOUS_MOVE = YES;
				CLANG_WARN_UNGUARDED_AVAILABILITY = YES_AGGRESSIVE;
				CLANG_WARN_UNREACHABLE_CODE = YES;
				CLANG_WARN__DUPLICATE_METHOD_MATCH = YES;
				COPY_PHASE_STRIP = NO;
				DEBUG_INFORMATION_FORMAT = dwarf;
				ENABLE_STRICT_OBJC_MSGSEND = YES;
				ENABLE_TESTABILITY = YES;
				GCC_C_LANGUAGE_STANDARD = gnu11;
				GCC_DYNAMIC_NO_PIC = NO;
				GCC_NO_COMMON_BLOCKS = YES;
				GCC_OPTIMIZATION_LEVEL = 0;
				GCC_PREPROCESSOR_DEFINITIONS = (
					"DEBUG=1",
					"$(inherited)",
				);
				GCC_WARN_64_TO_32_BIT_CONVERSION = YES;
				GCC_WARN_ABOUT_RETURN_TYPE = YES_ERROR;
				GCC_WARN_UNDECLARED_SELECTOR = YES;
				GCC_WARN_UNINITIALIZED_AUTOS = YES_AGGRESSIVE;
				GCC_WARN_UNUSED_FUNCTION = YES;
				GCC_WARN_UNUSED_VARIABLE = YES;
				IPHONEOS_DEPLOYMENT_TARGET = 16.0;
				MTL_ENABLE_DEBUG_INFO = INCLUDE_SOURCE;
				MTL_FAST_MATH = YES;
				ONLY_ACTIVE_ARCH = YES;
				SDKROOT = iphoneos;
				SWIFT_ACTIVE_COMPILATION_CONDITIONS = "DEBUG LAB";
				SWIFT_OPTIMIZATION_LEVEL = "-Onone";
			};
			name = Lab;
		};
		886FB3A62950A17E00712049 /* Lab */ = {
			isa = XCBuildConfiguration;
			buildSettings = {
				ASSETCATALOG_COMPILER_APPICON_NAME = AppIcon;
				ASSETCATALOG_COMPILER_GLOBAL_ACCENT_COLOR_NAME = AccentColor;
				CODE_SIGN_STYLE = Automatic;
				CURRENT_PROJECT_VERSION = 1;
				DEVELOPMENT_ASSET_PATHS = "\"tca-bezier-animation/Preview Content\"";
				DEVELOPMENT_TEAM = 6M94U34S75;
				ENABLE_PREVIEWS = YES;
				GENERATE_INFOPLIST_FILE = YES;
				INFOPLIST_KEY_CFBundleDisplayName = AniBez;
				INFOPLIST_KEY_LSApplicationCategoryType = "public.app-category.education";
				INFOPLIST_KEY_UIApplicationSceneManifest_Generation = YES;
				INFOPLIST_KEY_UIApplicationSupportsIndirectInputEvents = YES;
				INFOPLIST_KEY_UILaunchScreen_Generation = YES;
				INFOPLIST_KEY_UISupportedInterfaceOrientations_iPad = "UIInterfaceOrientationPortrait UIInterfaceOrientationPortraitUpsideDown UIInterfaceOrientationLandscapeLeft UIInterfaceOrientationLandscapeRight";
				INFOPLIST_KEY_UISupportedInterfaceOrientations_iPhone = "UIInterfaceOrientationPortrait UIInterfaceOrientationLandscapeLeft UIInterfaceOrientationLandscapeRight";
				LD_RUNPATH_SEARCH_PATHS = (
					"$(inherited)",
					"@executable_path/Frameworks",
				);
				MARKETING_VERSION = 1.1.1;
				PRODUCT_BUNDLE_IDENTIFIER = "luo.2022.12.tca-bezier-animation";
				PRODUCT_NAME = "$(TARGET_NAME)";
				SWIFT_EMIT_LOC_STRINGS = YES;
				SWIFT_VERSION = 5.0;
				TARGETED_DEVICE_FAMILY = "1,2";
			};
			name = Lab;
		};
		886FB3A72950A17E00712049 /* Lab */ = {
			isa = XCBuildConfiguration;
			buildSettings = {
				BUNDLE_LOADER = "$(TEST_HOST)";
				CODE_SIGN_STYLE = Automatic;
				CURRENT_PROJECT_VERSION = 1;
				DEVELOPMENT_TEAM = 6M94U34S75;
				GENERATE_INFOPLIST_FILE = YES;
				MARKETING_VERSION = 1.0;
				PRODUCT_BUNDLE_IDENTIFIER = luo.2022.12.labAnimation.tests;
				PRODUCT_NAME = "$(TARGET_NAME)";
				SWIFT_EMIT_LOC_STRINGS = NO;
				SWIFT_VERSION = 5.0;
				TARGETED_DEVICE_FAMILY = "1,2";
				TEST_HOST = "$(BUILT_PRODUCTS_DIR)/tca-bezier-animation.app/$(BUNDLE_EXECUTABLE_FOLDER_PATH)/tca-bezier-animation";
			};
			name = Lab;
		};
		886FB3B42951724700712049 /* Debug */ = {
			isa = XCBuildConfiguration;
			buildSettings = {
				CODE_SIGN_STYLE = Automatic;
				CURRENT_PROJECT_VERSION = 1;
				DEVELOPMENT_TEAM = 6M94U34S75;
				GENERATE_INFOPLIST_FILE = YES;
				MARKETING_VERSION = 1.0;
				PRODUCT_BUNDLE_IDENTIFIER = "luo.2022.12.labAnimation.fastlane-snapshot";
				PRODUCT_NAME = "$(TARGET_NAME)";
				SWIFT_EMIT_LOC_STRINGS = NO;
				SWIFT_VERSION = 5.0;
				TARGETED_DEVICE_FAMILY = "1,2";
				TEST_TARGET_NAME = "tca-bezier-animation";
			};
			name = Debug;
		};
		886FB3B52951724700712049 /* Lab */ = {
			isa = XCBuildConfiguration;
			buildSettings = {
				CODE_SIGN_STYLE = Automatic;
				CURRENT_PROJECT_VERSION = 1;
				DEVELOPMENT_TEAM = 6M94U34S75;
				GENERATE_INFOPLIST_FILE = YES;
				MARKETING_VERSION = 1.0;
				PRODUCT_BUNDLE_IDENTIFIER = "luo.2022.12.labAnimation.fastlane-snapshot";
				PRODUCT_NAME = "$(TARGET_NAME)";
				SWIFT_EMIT_LOC_STRINGS = NO;
				SWIFT_VERSION = 5.0;
				TARGETED_DEVICE_FAMILY = "1,2";
				TEST_TARGET_NAME = "tca-bezier-animation";
			};
			name = Lab;
		};
		886FB3B62951724700712049 /* Release */ = {
			isa = XCBuildConfiguration;
			buildSettings = {
				CODE_SIGN_STYLE = Automatic;
				CURRENT_PROJECT_VERSION = 1;
				DEVELOPMENT_TEAM = 6M94U34S75;
				GENERATE_INFOPLIST_FILE = YES;
				MARKETING_VERSION = 1.0;
				PRODUCT_BUNDLE_IDENTIFIER = "luo.2022.12.labAnimation.fastlane-snapshot";
				PRODUCT_NAME = "$(TARGET_NAME)";
				SWIFT_EMIT_LOC_STRINGS = NO;
				SWIFT_VERSION = 5.0;
				TARGETED_DEVICE_FAMILY = "1,2";
				TEST_TARGET_NAME = "tca-bezier-animation";
			};
			name = Release;
		};
		88D577F5295362460030FCB4 /* Snapshot */ = {
			isa = XCBuildConfiguration;
			buildSettings = {
				ALWAYS_SEARCH_USER_PATHS = NO;
				CLANG_ANALYZER_NONNULL = YES;
				CLANG_ANALYZER_NUMBER_OBJECT_CONVERSION = YES_AGGRESSIVE;
				CLANG_CXX_LANGUAGE_STANDARD = "gnu++20";
				CLANG_ENABLE_MODULES = YES;
				CLANG_ENABLE_OBJC_ARC = YES;
				CLANG_ENABLE_OBJC_WEAK = YES;
				CLANG_WARN_BLOCK_CAPTURE_AUTORELEASING = YES;
				CLANG_WARN_BOOL_CONVERSION = YES;
				CLANG_WARN_COMMA = YES;
				CLANG_WARN_CONSTANT_CONVERSION = YES;
				CLANG_WARN_DEPRECATED_OBJC_IMPLEMENTATIONS = YES;
				CLANG_WARN_DIRECT_OBJC_ISA_USAGE = YES_ERROR;
				CLANG_WARN_DOCUMENTATION_COMMENTS = YES;
				CLANG_WARN_EMPTY_BODY = YES;
				CLANG_WARN_ENUM_CONVERSION = YES;
				CLANG_WARN_INFINITE_RECURSION = YES;
				CLANG_WARN_INT_CONVERSION = YES;
				CLANG_WARN_NON_LITERAL_NULL_CONVERSION = YES;
				CLANG_WARN_OBJC_IMPLICIT_RETAIN_SELF = YES;
				CLANG_WARN_OBJC_LITERAL_CONVERSION = YES;
				CLANG_WARN_OBJC_ROOT_CLASS = YES_ERROR;
				CLANG_WARN_QUOTED_INCLUDE_IN_FRAMEWORK_HEADER = YES;
				CLANG_WARN_RANGE_LOOP_ANALYSIS = YES;
				CLANG_WARN_STRICT_PROTOTYPES = YES;
				CLANG_WARN_SUSPICIOUS_MOVE = YES;
				CLANG_WARN_UNGUARDED_AVAILABILITY = YES_AGGRESSIVE;
				CLANG_WARN_UNREACHABLE_CODE = YES;
				CLANG_WARN__DUPLICATE_METHOD_MATCH = YES;
				COPY_PHASE_STRIP = NO;
				DEBUG_INFORMATION_FORMAT = dwarf;
				ENABLE_STRICT_OBJC_MSGSEND = YES;
				ENABLE_TESTABILITY = YES;
				GCC_C_LANGUAGE_STANDARD = gnu11;
				GCC_DYNAMIC_NO_PIC = NO;
				GCC_NO_COMMON_BLOCKS = YES;
				GCC_OPTIMIZATION_LEVEL = 0;
				GCC_PREPROCESSOR_DEFINITIONS = (
					"DEBUG=1",
					"$(inherited)",
				);
				GCC_WARN_64_TO_32_BIT_CONVERSION = YES;
				GCC_WARN_ABOUT_RETURN_TYPE = YES_ERROR;
				GCC_WARN_UNDECLARED_SELECTOR = YES;
				GCC_WARN_UNINITIALIZED_AUTOS = YES_AGGRESSIVE;
				GCC_WARN_UNUSED_FUNCTION = YES;
				GCC_WARN_UNUSED_VARIABLE = YES;
				IPHONEOS_DEPLOYMENT_TARGET = 16.0;
				MTL_ENABLE_DEBUG_INFO = INCLUDE_SOURCE;
				MTL_FAST_MATH = YES;
				ONLY_ACTIVE_ARCH = YES;
				SDKROOT = iphoneos;
				SWIFT_ACTIVE_COMPILATION_CONDITIONS = "SNAPSHOT DEBUG";
				SWIFT_OPTIMIZATION_LEVEL = "-Onone";
			};
			name = Snapshot;
		};
		88D577F6295362460030FCB4 /* Snapshot */ = {
			isa = XCBuildConfiguration;
			buildSettings = {
				ASSETCATALOG_COMPILER_APPICON_NAME = AppIcon;
				ASSETCATALOG_COMPILER_GLOBAL_ACCENT_COLOR_NAME = AccentColor;
				CODE_SIGN_STYLE = Automatic;
				CURRENT_PROJECT_VERSION = 1;
				DEVELOPMENT_ASSET_PATHS = "\"tca-bezier-animation/Preview Content\"";
				DEVELOPMENT_TEAM = 6M94U34S75;
				ENABLE_PREVIEWS = YES;
				GENERATE_INFOPLIST_FILE = YES;
				INFOPLIST_KEY_CFBundleDisplayName = AniBez;
				INFOPLIST_KEY_LSApplicationCategoryType = "public.app-category.education";
				INFOPLIST_KEY_UIApplicationSceneManifest_Generation = YES;
				INFOPLIST_KEY_UIApplicationSupportsIndirectInputEvents = YES;
				INFOPLIST_KEY_UILaunchScreen_Generation = YES;
				INFOPLIST_KEY_UISupportedInterfaceOrientations_iPad = "UIInterfaceOrientationPortrait UIInterfaceOrientationPortraitUpsideDown UIInterfaceOrientationLandscapeLeft UIInterfaceOrientationLandscapeRight";
				INFOPLIST_KEY_UISupportedInterfaceOrientations_iPhone = "UIInterfaceOrientationPortrait UIInterfaceOrientationLandscapeLeft UIInterfaceOrientationLandscapeRight";
				LD_RUNPATH_SEARCH_PATHS = (
					"$(inherited)",
					"@executable_path/Frameworks",
				);
				MARKETING_VERSION = 1.1.1;
				PRODUCT_BUNDLE_IDENTIFIER = "luo.2022.12.tca-bezier-animation";
				PRODUCT_NAME = "$(TARGET_NAME)";
				SWIFT_EMIT_LOC_STRINGS = YES;
				SWIFT_VERSION = 5.0;
				TARGETED_DEVICE_FAMILY = "1,2";
			};
			name = Snapshot;
		};
		88D577F7295362460030FCB4 /* Snapshot */ = {
			isa = XCBuildConfiguration;
			buildSettings = {
				BUNDLE_LOADER = "$(TEST_HOST)";
				CODE_SIGN_STYLE = Automatic;
				CURRENT_PROJECT_VERSION = 1;
				DEVELOPMENT_TEAM = 6M94U34S75;
				GENERATE_INFOPLIST_FILE = YES;
				MARKETING_VERSION = 1.0;
				PRODUCT_BUNDLE_IDENTIFIER = luo.2022.12.labAnimation.tests;
				PRODUCT_NAME = "$(TARGET_NAME)";
				SWIFT_EMIT_LOC_STRINGS = NO;
				SWIFT_VERSION = 5.0;
				TARGETED_DEVICE_FAMILY = "1,2";
				TEST_HOST = "$(BUILT_PRODUCTS_DIR)/tca-bezier-animation.app/$(BUNDLE_EXECUTABLE_FOLDER_PATH)/tca-bezier-animation";
			};
			name = Snapshot;
		};
		88D577F8295362460030FCB4 /* Snapshot */ = {
			isa = XCBuildConfiguration;
			buildSettings = {
				CODE_SIGN_STYLE = Automatic;
				CURRENT_PROJECT_VERSION = 1;
				DEVELOPMENT_TEAM = 6M94U34S75;
				GENERATE_INFOPLIST_FILE = YES;
				MARKETING_VERSION = 1.0;
				PRODUCT_BUNDLE_IDENTIFIER = "luo.2022.12.labAnimation.fastlane-snapshot";
				PRODUCT_NAME = "$(TARGET_NAME)";
				SWIFT_EMIT_LOC_STRINGS = NO;
				SWIFT_VERSION = 5.0;
				TARGETED_DEVICE_FAMILY = "1,2";
				TEST_TARGET_NAME = "tca-bezier-animation";
			};
			name = Snapshot;
		};
/* End XCBuildConfiguration section */

/* Begin XCConfigurationList section */
		8800997B293A2D9E007B85D0 /* Build configuration list for PBXProject "tca-bezier-animation" */ = {
			isa = XCConfigurationList;
			buildConfigurations = (
				880099A7293A2D9F007B85D0 /* Debug */,
				88D577F5295362460030FCB4 /* Snapshot */,
				886FB3A52950A17E00712049 /* Lab */,
				880099A8293A2D9F007B85D0 /* Release */,
			);
			defaultConfigurationIsVisible = 0;
			defaultConfigurationName = Release;
		};
		880099A9293A2D9F007B85D0 /* Build configuration list for PBXNativeTarget "tca-bezier-animation" */ = {
			isa = XCConfigurationList;
			buildConfigurations = (
				880099AA293A2D9F007B85D0 /* Debug */,
				88D577F6295362460030FCB4 /* Snapshot */,
				886FB3A62950A17E00712049 /* Lab */,
				880099AB293A2D9F007B85D0 /* Release */,
			);
			defaultConfigurationIsVisible = 0;
			defaultConfigurationName = Release;
		};
		886764332943214200FC0167 /* Build configuration list for PBXNativeTarget "tests" */ = {
			isa = XCConfigurationList;
			buildConfigurations = (
				886764342943214200FC0167 /* Debug */,
				88D577F7295362460030FCB4 /* Snapshot */,
				886FB3A72950A17E00712049 /* Lab */,
				886764352943214200FC0167 /* Release */,
			);
			defaultConfigurationIsVisible = 0;
			defaultConfigurationName = Release;
		};
		886FB3B72951724700712049 /* Build configuration list for PBXNativeTarget "fastlane-snapshot" */ = {
			isa = XCConfigurationList;
			buildConfigurations = (
				886FB3B42951724700712049 /* Debug */,
				88D577F8295362460030FCB4 /* Snapshot */,
				886FB3B52951724700712049 /* Lab */,
				886FB3B62951724700712049 /* Release */,
			);
			defaultConfigurationIsVisible = 0;
			defaultConfigurationName = Release;
		};
/* End XCConfigurationList section */

/* Begin XCRemoteSwiftPackageReference section */
		880099B2293A2E17007B85D0 /* XCRemoteSwiftPackageReference "swift-composable-architecture" */ = {
			isa = XCRemoteSwiftPackageReference;
			repositoryURL = "https://github.com/pointfreeco/swift-composable-architecture";
			requirement = {
				kind = upToNextMajorVersion;
				minimumVersion = 0.9.0;
			};
		};
		88C04744294DCF260075DE44 /* XCRemoteSwiftPackageReference "swiftui-navigation" */ = {
			isa = XCRemoteSwiftPackageReference;
			repositoryURL = "https://github.com/pointfreeco/swiftui-navigation";
			requirement = {
				kind = upToNextMajorVersion;
				minimumVersion = 0.4.5;
			};
		};
		88F2B53F29603495007DEC2A /* XCRemoteSwiftPackageReference "luomein-swift-basic-tools" */ = {
			isa = XCRemoteSwiftPackageReference;
			repositoryURL = "https://github.com/luomein/luomein-swift-basic-tools";
			requirement = {
				branch = main;
				kind = branch;
			};
		};
		88F2B54229603FFF007DEC2A /* XCRemoteSwiftPackageReference "bezier-time-series-reducer" */ = {
			isa = XCRemoteSwiftPackageReference;
			repositoryURL = "https://github.com/luomein/bezier-time-series-reducer";
			requirement = {
				branch = main;
				kind = branch;
			};
		};
		88F2B54529604294007DEC2A /* XCRemoteSwiftPackageReference "variable-speed-timer" */ = {
			isa = XCRemoteSwiftPackageReference;
			repositoryURL = "https://github.com/luomein/variable-speed-timer";
			requirement = {
				branch = main;
				kind = branch;
			};
		};
		88F2B548296042B6007DEC2A /* XCRemoteSwiftPackageReference "multiple-time-series-reducer" */ = {
			isa = XCRemoteSwiftPackageReference;
			repositoryURL = "https://github.com/luomein/multiple-time-series-reducer";
			requirement = {
				branch = main;
				kind = branch;
			};
		};
/* End XCRemoteSwiftPackageReference section */

/* Begin XCSwiftPackageProductDependency section */
		880099B3293A2E17007B85D0 /* ComposableArchitecture */ = {
			isa = XCSwiftPackageProductDependency;
			package = 880099B2293A2E17007B85D0 /* XCRemoteSwiftPackageReference "swift-composable-architecture" */;
			productName = ComposableArchitecture;
		};
		88C04745294DCF260075DE44 /* SwiftUINavigation */ = {
			isa = XCSwiftPackageProductDependency;
			package = 88C04744294DCF260075DE44 /* XCRemoteSwiftPackageReference "swiftui-navigation" */;
			productName = SwiftUINavigation;
		};
		88F2B54029603495007DEC2A /* LuomeinSwiftBasicTools */ = {
			isa = XCSwiftPackageProductDependency;
			package = 88F2B53F29603495007DEC2A /* XCRemoteSwiftPackageReference "luomein-swift-basic-tools" */;
			productName = LuomeinSwiftBasicTools;
		};
		88F2B54329603FFF007DEC2A /* BezierTimeSeriesReducer */ = {
			isa = XCSwiftPackageProductDependency;
			package = 88F2B54229603FFF007DEC2A /* XCRemoteSwiftPackageReference "bezier-time-series-reducer" */;
			productName = BezierTimeSeriesReducer;
		};
		88F2B54629604294007DEC2A /* VariableSpeedTimer */ = {
			isa = XCSwiftPackageProductDependency;
			package = 88F2B54529604294007DEC2A /* XCRemoteSwiftPackageReference "variable-speed-timer" */;
			productName = VariableSpeedTimer;
		};
		88F2B549296042B6007DEC2A /* MultipleTimeSeriesReducer */ = {
			isa = XCSwiftPackageProductDependency;
			package = 88F2B548296042B6007DEC2A /* XCRemoteSwiftPackageReference "multiple-time-series-reducer" */;
			productName = MultipleTimeSeriesReducer;
		};
/* End XCSwiftPackageProductDependency section */
	};
	rootObject = 88009978293A2D9E007B85D0 /* Project object */;
}
